{
  "schema_version": 1,
  "problem_library_api_version": 1,
  "libraries": [
    {
      "name": "s2mpj",
      "role": "bundled-default",
      "repository": "optiprofiler/s2mpj_matlab",
      "commit": "f40c878094a34db8f23af204ee5cc4b00583ac03",
      "api_version": 1,
      "gitlink": "matlab/optiprofiler/problem_libs/s2mpj",
      "select_function": "s2mpj_select",
      "load_function": "s2mpj_load",
      "collect_info_function": null,
      "platforms": ["linux", "macos", "windows"]
    },
    {
      "name": "matcutest",
      "role": "external",
      "repository": "optiprofiler/matcutest",
      "commit": "90222119e7428c0650ab72e70bef3d483fdeddcc",
      "api_version": 1,
      "install_directory": "matcutest",
      "select_function": "matcutest_select",
      "load_function": "matcutest_load",
      "collect_info_function": null,
      "platforms": ["linux"]
    },
    {
      "name": "solar",
      "role": "external",
      "repository": "optiprofiler/solar_matlab",
      "commit": "569e9008c09c069e90525ec1333343bf0ee30132",
      "api_version": 1,
      "install_directory": "solar",
      "select_function": "solar_select",
      "load_function": "solar_load",
      "collect_info_function": "solar_collect_info",
      "platforms": ["linux", "macos", "windows"]
    }
  ]
}
