{
  "schema_version": 1,
  "problem_library_api_version": 1,
  "libraries": [
    {
      "name": "s2mpj",
      "role": "bundled-default",
      "repository": "optiprofiler/s2mpj_matlab",
      "commit": "084dc1e0b4838b8723884e6c563235e4cafbd113",
      "api_version": 1,
      "gitlink": "matlab/optiprofiler/problem_libs/s2mpj",
      "select_function": "s2mpj_select",
      "load_function": "s2mpj_load",
      "collect_info_function": null,
      "platforms": ["linux", "macos", "windows"]
    },
    {
      "name": "matcutest",
      "role": "external",
      "repository": "optiprofiler/matcutest",
      "commit": "095d41a49ff20c18a82e8b2d65b540d798229843",
      "api_version": 1,
      "install_directory": "matcutest",
      "select_function": "matcutest_select",
      "load_function": "matcutest_load",
      "collect_info_function": null,
      "platforms": ["linux"]
    },
    {
      "name": "solar",
      "role": "external",
      "repository": "optiprofiler/solar_matlab",
      "commit": "93c4ea95524ffd5a9ec67094384aceca7e921f34",
      "api_version": 1,
      "install_directory": "solar",
      "select_function": "solar_select",
      "load_function": "solar_load",
      "collect_info_function": "solar_collect_info",
      "platforms": ["linux", "macos", "windows"]
    }
  ]
}
