{
  "schema_version": 1,
  "problem_library_api_version": 1,
  "libraries": [
    {
      "name": "s2mpj",
      "role": "bundled-default",
      "repository": "optiprofiler/s2mpj_python",
      "commit": "9ebd196908a0085b3f07ef3c86fd34c88b1721fa",
      "api_version": 1,
      "gitlink": "python/optiprofiler/problem_libs/s2mpj"
    },
    {
      "name": "pycutest",
      "role": "external",
      "repository": "optiprofiler/pycutest",
      "commit": "696fec23723f17ee920e637d439d455c9cd7edcf",
      "api_version": 1,
      "distribution": "optiprofiler-pycutest",
      "entry_point": "optiprofiler_pycutest:get_problem_library"
    },
    {
      "name": "solar",
      "role": "external",
      "repository": "optiprofiler/solar_python",
      "commit": "2478fe964ce4b697cc5ef2129ed5e7102dc7136f",
      "api_version": 1,
      "distribution": "optiprofiler-solar",
      "entry_point": "optiprofiler_solar:get_problem_library"
    },
    {
      "name": "rs13",
      "role": "external-experimental",
      "repository": "optiprofiler/rs13",
      "commit": "ddc11ff94f1d1df128a4f2c999c5267b3ad1818b",
      "api_version": 1,
      "distribution": "optiprofiler-rs13",
      "entry_point": "optiprofiler_rs13:get_problem_library"
    }
  ]
}
